
Microsoft Visual Studio Solution File, Format Version 12.00
# Visual Studio Version 16
VisualStudioVersion = 16.0.29306.81
MinimumVisualStudioVersion = 10.0.40219.1
Project("{FAE04EC0-301F-11D3-BF4B-00C04F79EFBC}") = "RideLog", "RideLog\RideLog.csproj", "{671964E4-E761-477B-97CB-FB98233DC207}"
EndProject
Global
	GlobalSection(SolutionConfigurationPlatforms) = preSolution
		Debug|Any CPU = Debug|Any CPU
		Release|Any CPU = Release|Any CPU
	EndGlobalSection
	GlobalSection(ProjectConfigurationPlatforms) = postSolution
		{671964E4-E761-477B-97CB-FB98233DC207}.Debug|Any CPU.ActiveCfg = Debug|Any CPU
		{671964E4-E761-477B-97CB-FB98233DC207}.Debug|Any CPU.Build.0 = Debug|Any CPU
		{671964E4-E761-477B-97CB-FB98233DC207}.Release|Any CPU.ActiveCfg = Release|Any CPU
		{671964E4-E761-477B-97CB-FB98233DC207}.Release|Any CPU.Build.0 = Release|Any CPU
	EndGlobalSection
	GlobalSection(SolutionProperties) = preSolution
		HideSolutionNode = FALSE
	EndGlobalSection
	GlobalSection(ExtensibilityGlobals) = postSolution
		SolutionGuid = {C1565771-C543-4A22-9DA6-645D37BC32D0}
	EndGlobalSection
EndGlobal
